// !$*UTF8*$!
{
	archiveVersion = 1;
	classes = {
	};
	objectVersion = 46;
	objects = {

/* Begin PBXBuildFile section */
		6A0A88F61B92A05B00F8A7C8 /* DocumentCell.xib in Resources */ = {isa = PBXBuildFile; fileRef = 6A0A88F51B92A05B00F8A7C8 /* DocumentCell.xib */; };
		6A9F613D1BA2921300C13146 /* DetailsViewController.swift in Sources */ = {isa = PBXBuildFile; fileRef = 6A9F613C1BA2921300C13146 /* DetailsViewController.swift */; };
		6AF294621B92B1A9009B5234 /* DocumentCell.m in Sources */ = {isa = PBXBuildFile; fileRef = 6AF294611B92B1A9009B5234 /* DocumentCell.m */; };
		6AF294651B92CC5C009B5234 /* InfoPlist.strings in Resources */ = {isa = PBXBuildFile; fileRef = 6AF294671B92CC5C009B5234 /* InfoPlist.strings */; };
		6AF294811B92E050009B5234 /* Document.m in Sources */ = {isa = PBXBuildFile; fileRef = 6AF294701B92E050009B5234 /* Document.m */; };
		6AF294821B92E050009B5234 /* HighlightingHelper.m in Sources */ = {isa = PBXBuildFile; fileRef = 6AF294721B92E050009B5234 /* HighlightingHelper.m */; };
		6AF294831B92E050009B5234 /* Indexer.m in Sources */ = {isa = PBXBuildFile; fileRef = 6AF294741B92E050009B5234 /* Indexer.m */; };
		6AF294841B92E050009B5234 /* MinimalHTMLEncoder.m in Sources */ = {isa = PBXBuildFile; fileRef = 6AF294761B92E050009B5234 /* MinimalHTMLEncoder.m */; };
		6AF294851B92E050009B5234 /* Searcher.m in Sources */ = {isa = PBXBuildFile; fileRef = 6AF294781B92E050009B5234 /* Searcher.m */; };
		6AF294861B92E050009B5234 /* SearchResult.m in Sources */ = {isa = PBXBuildFile; fileRef = 6AF2947A1B92E050009B5234 /* SearchResult.m */; };
		6AF294871B92E050009B5234 /* Study.m in Sources */ = {isa = PBXBuildFile; fileRef = 6AF2947C1B92E050009B5234 /* Study.m */; };
		6AF294881B92E050009B5234 /* Suggester.m in Sources */ = {isa = PBXBuildFile; fileRef = 6AF2947E1B92E050009B5234 /* Suggester.m */; };
		6AF294891B92E050009B5234 /* Util.m in Sources */ = {isa = PBXBuildFile; fileRef = 6AF294801B92E050009B5234 /* Util.m */; };
		6AF294991B92E0E8009B5234 /* libObjCLucene.a in Frameworks */ = {isa = PBXBuildFile; fileRef = 6AF294941B92E0D5009B5234 /* libObjCLucene.a */; };
		6AF2949A1B92E0F6009B5234 /* libjre_emul.a in Frameworks */ = {isa = PBXBuildFile; fileRef = 6AF2948D1B92E0C1009B5234 /* libjre_emul.a */; };
		6AF2949C1B92E100009B5234 /* libicucore.dylib in Frameworks */ = {isa = PBXBuildFile; fileRef = 6AF2949B1B92E100009B5234 /* libicucore.dylib */; };
		6AF2949E1B92E105009B5234 /* libz.dylib in Frameworks */ = {isa = PBXBuildFile; fileRef = 6AF2949D1B92E105009B5234 /* libz.dylib */; };
		6AF294A21B92E79E009B5234 /* acl-imdb-subset.json in Resources */ = {isa = PBXBuildFile; fileRef = 6AF294A11B92E79E009B5234 /* acl-imdb-subset.json */; };
		6AF499501B922D04005D9CFB /* AppDelegate.swift in Sources */ = {isa = PBXBuildFile; fileRef = 6AF4994F1B922D04005D9CFB /* AppDelegate.swift */; };
		6AF499521B922D04005D9CFB /* ViewController.swift in Sources */ = {isa = PBXBuildFile; fileRef = 6AF499511B922D04005D9CFB /* ViewController.swift */; };
		6AF499551B922D04005D9CFB /* Main.storyboard in Resources */ = {isa = PBXBuildFile; fileRef = 6AF499531B922D04005D9CFB /* Main.storyboard */; };
		6AF499571B922D04005D9CFB /* Images.xcassets in Resources */ = {isa = PBXBuildFile; fileRef = 6AF499561B922D04005D9CFB /* Images.xcassets */; };
		6AF4995A1B922D04005D9CFB /* LaunchScreen.xib in Resources */ = {isa = PBXBuildFile; fileRef = 6AF499581B922D04005D9CFB /* LaunchScreen.xib */; };
		6AF499661B922D04005D9CFB /* LuceneSearchDemoTests.swift in Sources */ = {isa = PBXBuildFile; fileRef = 6AF499651B922D04005D9CFB /* LuceneSearchDemoTests.swift */; };
		6AF499731B928F21005D9CFB /* Document.m in Sources */ = {isa = PBXBuildFile; fileRef = 6AF499721B928F21005D9CFB /* Document.m */; };
/* End PBXBuildFile section */

/* Begin PBXContainerItemProxy section */
		6AF294931B92E0D5009B5234 /* PBXContainerItemProxy */ = {
			isa = PBXContainerItemProxy;
			containerPortal = 6AF2948E1B92E0D3009B5234 /* ObjCLucene.xcodeproj */;
			proxyType = 2;
			remoteGlobalIDString = 6AD2F54A1B877C9D003F2171;
			remoteInfo = ObjCLucene;
		};
		6AF294951B92E0D5009B5234 /* PBXContainerItemProxy */ = {
			isa = PBXContainerItemProxy;
			containerPortal = 6AF2948E1B92E0D3009B5234 /* ObjCLucene.xcodeproj */;
			proxyType = 2;
			remoteGlobalIDString = 6AD2F5551B877C9D003F2171;
			remoteInfo = ObjCLuceneTests;
		};
		6AF294971B92E0DC009B5234 /* PBXContainerItemProxy */ = {
			isa = PBXContainerItemProxy;
			containerPortal = 6AF2948E1B92E0D3009B5234 /* ObjCLucene.xcodeproj */;
			proxyType = 1;
			remoteGlobalIDString = 6AD2F5491B877C9D003F2171;
			remoteInfo = ObjCLucene;
		};
		6AF499601B922D04005D9CFB /* PBXContainerItemProxy */ = {
			isa = PBXContainerItemProxy;
			containerPortal = 6AF499421B922D04005D9CFB /* Project object */;
			proxyType = 1;
			remoteGlobalIDString = 6AF499491B922D04005D9CFB;
			remoteInfo = LuceneSearchDemo;
		};
/* End PBXContainerItemProxy section */

/* Begin PBXFileReference section */
		6A0A88F51B92A05B00F8A7C8 /* DocumentCell.xib */ = {isa = PBXFileReference; fileEncoding = 4; lastKnownFileType = file.xib; path = DocumentCell.xib; sourceTree = "<group>"; };
		6A9F613C1BA2921300C13146 /* DetailsViewController.swift */ = {isa = PBXFileReference; fileEncoding = 4; lastKnownFileType = sourcecode.swift; path = DetailsViewController.swift; sourceTree = "<group>"; };
		6AF294601B92B1A9009B5234 /* DocumentCell.h */ = {isa = PBXFileReference; fileEncoding = 4; lastKnownFileType = sourcecode.c.h; path = DocumentCell.h; sourceTree = "<group>"; };
		6AF294611B92B1A9009B5234 /* DocumentCell.m */ = {isa = PBXFileReference; fileEncoding = 4; lastKnownFileType = sourcecode.c.objc; path = DocumentCell.m; sourceTree = "<group>"; };
		6AF294661B92CC5C009B5234 /* Base */ = {isa = PBXFileReference; lastKnownFileType = text.plist.strings; name = Base; path = Base.lproj/InfoPlist.strings; sourceTree = "<group>"; };
		6AF2946F1B92E050009B5234 /* Document.h */ = {isa = PBXFileReference; fileEncoding = 4; lastKnownFileType = sourcecode.c.h; path = Document.h; sourceTree = "<group>"; };
		6AF294701B92E050009B5234 /* Document.m */ = {isa = PBXFileReference; fileEncoding = 4; lastKnownFileType = sourcecode.c.objc; path = Document.m; sourceTree = "<group>"; };
		6AF294711B92E050009B5234 /* HighlightingHelper.h */ = {isa = PBXFileReference; fileEncoding = 4; lastKnownFileType = sourcecode.c.h; path = HighlightingHelper.h; sourceTree = "<group>"; };
		6AF294721B92E050009B5234 /* HighlightingHelper.m */ = {isa = PBXFileReference; fileEncoding = 4; lastKnownFileType = sourcecode.c.objc; path = HighlightingHelper.m; sourceTree = "<group>"; };
		6AF294731B92E050009B5234 /* Indexer.h */ = {isa = PBXFileReference; fileEncoding = 4; lastKnownFileType = sourcecode.c.h; path = Indexer.h; sourceTree = "<group>"; };
		6AF294741B92E050009B5234 /* Indexer.m */ = {isa = PBXFileReference; fileEncoding = 4; lastKnownFileType = sourcecode.c.objc; path = Indexer.m; sourceTree = "<group>"; };
		6AF294751B92E050009B5234 /* MinimalHTMLEncoder.h */ = {isa = PBXFileReference; fileEncoding = 4; lastKnownFileType = sourcecode.c.h; path = MinimalHTMLEncoder.h; sourceTree = "<group>"; };
		6AF294761B92E050009B5234 /* MinimalHTMLEncoder.m */ = {isa = PBXFileReference; fileEncoding = 4; lastKnownFileType = sourcecode.c.objc; path = MinimalHTMLEncoder.m; sourceTree = "<group>"; };
		6AF294771B92E050009B5234 /* Searcher.h */ = {isa = PBXFileReference; fileEncoding = 4; lastKnownFileType = sourcecode.c.h; path = Searcher.h; sourceTree = "<group>"; };
		6AF294781B92E050009B5234 /* Searcher.m */ = {isa = PBXFileReference; fileEncoding = 4; lastKnownFileType = sourcecode.c.objc; path = Searcher.m; sourceTree = "<group>"; };
		6AF294791B92E050009B5234 /* SearchResult.h */ = {isa = PBXFileReference; fileEncoding = 4; lastKnownFileType = sourcecode.c.h; path = SearchResult.h; sourceTree = "<group>"; };
		6AF2947A1B92E050009B5234 /* SearchResult.m */ = {isa = PBXFileReference; fileEncoding = 4; lastKnownFileType = sourcecode.c.objc; path = SearchResult.m; sourceTree = "<group>"; };
		6AF2947B1B92E050009B5234 /* Study.h */ = {isa = PBXFileReference; fileEncoding = 4; lastKnownFileType = sourcecode.c.h; path = Study.h; sourceTree = "<group>"; };
		6AF2947C1B92E050009B5234 /* Study.m */ = {isa = PBXFileReference; fileEncoding = 4; lastKnownFileType = sourcecode.c.objc; path = Study.m; sourceTree = "<group>"; };
		6AF2947D1B92E050009B5234 /* Suggester.h */ = {isa = PBXFileReference; fileEncoding = 4; lastKnownFileType = sourcecode.c.h; path = Suggester.h; sourceTree = "<group>"; };
		6AF2947E1B92E050009B5234 /* Suggester.m */ = {isa = PBXFileReference; fileEncoding = 4; lastKnownFileType = sourcecode.c.objc; path = Suggester.m; sourceTree = "<group>"; };
		6AF2947F1B92E050009B5234 /* Util.h */ = {isa = PBXFileReference; fileEncoding = 4; lastKnownFileType = sourcecode.c.h; path = Util.h; sourceTree = "<group>"; };
		6AF294801B92E050009B5234 /* Util.m */ = {isa = PBXFileReference; fileEncoding = 4; lastKnownFileType = sourcecode.c.objc; path = Util.m; sourceTree = "<group>"; };
		6AF2948D1B92E0C1009B5234 /* libjre_emul.a */ = {isa = PBXFileReference; lastKnownFileType = archive.ar; path = libjre_emul.a; sourceTree = "<group>"; };
		6AF2948E1B92E0D3009B5234 /* ObjCLucene.xcodeproj */ = {isa = PBXFileReference; lastKnownFileType = "wrapper.pb-project"; name = ObjCLucene.xcodeproj; path = vendor/objclucene/ObjCLucene.xcodeproj; sourceTree = "<group>"; };
		6AF2949B1B92E100009B5234 /* libicucore.dylib */ = {isa = PBXFileReference; lastKnownFileType = "compiled.mach-o.dylib"; name = libicucore.dylib; path = usr/lib/libicucore.dylib; sourceTree = SDKROOT; };
		6AF2949D1B92E105009B5234 /* libz.dylib */ = {isa = PBXFileReference; lastKnownFileType = "compiled.mach-o.dylib"; name = libz.dylib; path = usr/lib/libz.dylib; sourceTree = SDKROOT; };
		6AF294A11B92E79E009B5234 /* acl-imdb-subset.json */ = {isa = PBXFileReference; fileEncoding = 4; lastKnownFileType = text.json; path = "acl-imdb-subset.json"; sourceTree = "<group>"; };
		6AF4994A1B922D04005D9CFB /* LuceneSearchDemo.app */ = {isa = PBXFileReference; explicitFileType = wrapper.application; includeInIndex = 0; path = LuceneSearchDemo.app; sourceTree = BUILT_PRODUCTS_DIR; };
		6AF4994E1B922D04005D9CFB /* Info.plist */ = {isa = PBXFileReference; lastKnownFileType = text.plist.xml; path = Info.plist; sourceTree = "<group>"; };
		6AF4994F1B922D04005D9CFB /* AppDelegate.swift */ = {isa = PBXFileReference; lastKnownFileType = sourcecode.swift; path = AppDelegate.swift; sourceTree = "<group>"; };
		6AF499511B922D04005D9CFB /* ViewController.swift */ = {isa = PBXFileReference; lastKnownFileType = sourcecode.swift; path = ViewController.swift; sourceTree = "<group>"; };
		6AF499541B922D04005D9CFB /* Base */ = {isa = PBXFileReference; lastKnownFileType = file.storyboard; name = Base; path = Base.lproj/Main.storyboard; sourceTree = "<group>"; };
		6AF499561B922D04005D9CFB /* Images.xcassets */ = {isa = PBXFileReference; lastKnownFileType = folder.assetcatalog; path = Images.xcassets; sourceTree = "<group>"; };
		6AF499591B922D04005D9CFB /* Base */ = {isa = PBXFileReference; lastKnownFileType = file.xib; name = Base; path = Base.lproj/LaunchScreen.xib; sourceTree = "<group>"; };
		6AF4995F1B922D04005D9CFB /* LuceneSearchDemoTests.xctest */ = {isa = PBXFileReference; explicitFileType = wrapper.cfbundle; includeInIndex = 0; path = LuceneSearchDemoTests.xctest; sourceTree = BUILT_PRODUCTS_DIR; };
		6AF499641B922D04005D9CFB /* Info.plist */ = {isa = PBXFileReference; lastKnownFileType = text.plist.xml; path = Info.plist; sourceTree = "<group>"; };
		6AF499651B922D04005D9CFB /* LuceneSearchDemoTests.swift */ = {isa = PBXFileReference; lastKnownFileType = sourcecode.swift; path = LuceneSearchDemoTests.swift; sourceTree = "<group>"; };
		6AF499701B928F21005D9CFB /* LuceneSearchDemo-Bridging-Header.h */ = {isa = PBXFileReference; lastKnownFileType = sourcecode.c.h; path = "LuceneSearchDemo-Bridging-Header.h"; sourceTree = "<group>"; };
		6AF499711B928F21005D9CFB /* Document.h */ = {isa = PBXFileReference; fileEncoding = 4; lastKnownFileType = sourcecode.c.h; path = Document.h; sourceTree = "<group>"; };
		6AF499721B928F21005D9CFB /* Document.m */ = {isa = PBXFileReference; fileEncoding = 4; lastKnownFileType = sourcecode.c.objc; path = Document.m; sourceTree = "<group>"; };
/* End PBXFileReference section */

/* Begin PBXFrameworksBuildPhase section */
		6AF499471B922D04005D9CFB /* Frameworks */ = {
			isa = PBXFrameworksBuildPhase;
			buildActionMask = 2147483647;
			files = (
				6AF2949E1B92E105009B5234 /* libz.dylib in Frameworks */,
				6AF2949C1B92E100009B5234 /* libicucore.dylib in Frameworks */,
				6AF294991B92E0E8009B5234 /* libObjCLucene.a in Frameworks */,
				6AF2949A1B92E0F6009B5234 /* libjre_emul.a in Frameworks */,
			);
			runOnlyForDeploymentPostprocessing = 0;
		};
		6AF4995C1B922D04005D9CFB /* Frameworks */ = {
			isa = PBXFrameworksBuildPhase;
			buildActionMask = 2147483647;
			files = (
			);
			runOnlyForDeploymentPostprocessing = 0;
		};
/* End PBXFrameworksBuildPhase section */

/* Begin PBXGroup section */
		6AF294681B92E010009B5234 /* lucenestudy */ = {
			isa = PBXGroup;
			children = (
				6AF294A01B92E784009B5234 /* sample */,
				6AF294691B92E034009B5234 /* src */,
			);
			path = lucenestudy;
			sourceTree = "<group>";
		};
		6AF294691B92E034009B5234 /* src */ = {
			isa = PBXGroup;
			children = (
				6AF2946A1B92E042009B5234 /* main */,
			);
			path = src;
			sourceTree = "<group>";
		};
		6AF2946A1B92E042009B5234 /* main */ = {
			isa = PBXGroup;
			children = (
				6AF2946B1B92E050009B5234 /* objc */,
			);
			path = main;
			sourceTree = "<group>";
		};
		6AF2946B1B92E050009B5234 /* objc */ = {
			isa = PBXGroup;
			children = (
				6AF2946C1B92E050009B5234 /* org */,
			);
			path = objc;
			sourceTree = "<group>";
		};
		6AF2946C1B92E050009B5234 /* org */ = {
			isa = PBXGroup;
			children = (
				6AF2946D1B92E050009B5234 /* lukhnos */,
			);
			path = org;
			sourceTree = "<group>";
		};
		6AF2946D1B92E050009B5234 /* lukhnos */ = {
			isa = PBXGroup;
			children = (
				6AF2946E1B92E050009B5234 /* lucenestudy */,
			);
			path = lukhnos;
			sourceTree = "<group>";
		};
		6AF2946E1B92E050009B5234 /* lucenestudy */ = {
			isa = PBXGroup;
			children = (
				6AF2946F1B92E050009B5234 /* Document.h */,
				6AF294701B92E050009B5234 /* Document.m */,
				6AF294711B92E050009B5234 /* HighlightingHelper.h */,
				6AF294721B92E050009B5234 /* HighlightingHelper.m */,
				6AF294731B92E050009B5234 /* Indexer.h */,
				6AF294741B92E050009B5234 /* Indexer.m */,
				6AF294751B92E050009B5234 /* MinimalHTMLEncoder.h */,
				6AF294761B92E050009B5234 /* MinimalHTMLEncoder.m */,
				6AF294771B92E050009B5234 /* Searcher.h */,
				6AF294781B92E050009B5234 /* Searcher.m */,
				6AF294791B92E050009B5234 /* SearchResult.h */,
				6AF2947A1B92E050009B5234 /* SearchResult.m */,
				6AF2947B1B92E050009B5234 /* Study.h */,
				6AF2947C1B92E050009B5234 /* Study.m */,
				6AF2947D1B92E050009B5234 /* Suggester.h */,
				6AF2947E1B92E050009B5234 /* Suggester.m */,
				6AF2947F1B92E050009B5234 /* Util.h */,
				6AF294801B92E050009B5234 /* Util.m */,
			);
			path = lucenestudy;
			sourceTree = "<group>";
		};
		6AF2948A1B92E056009B5234 /* vendor */ = {
			isa = PBXGroup;
			children = (
				6AF2948B1B92E069009B5234 /* j2objc */,
			);
			path = vendor;
			sourceTree = "<group>";
		};
		6AF2948B1B92E069009B5234 /* j2objc */ = {
			isa = PBXGroup;
			children = (
				6AF2948C1B92E087009B5234 /* lib */,
			);
			name = j2objc;
			path = vendor/j2objc;
			sourceTree = "<group>";
		};
		6AF2948C1B92E087009B5234 /* lib */ = {
			isa = PBXGroup;
			children = (
				6AF2948D1B92E0C1009B5234 /* libjre_emul.a */,
			);
			path = lib;
			sourceTree = "<group>";
		};
		6AF2948F1B92E0D3009B5234 /* Products */ = {
			isa = PBXGroup;
			children = (
				6AF294941B92E0D5009B5234 /* libObjCLucene.a */,
				6AF294961B92E0D5009B5234 /* ObjCLuceneTests.xctest */,
			);
			name = Products;
			sourceTree = "<group>";
		};
		6AF294A01B92E784009B5234 /* sample */ = {
			isa = PBXGroup;
			children = (
				6AF294A11B92E79E009B5234 /* acl-imdb-subset.json */,
			);
			path = sample;
			sourceTree = "<group>";
		};
		6AF499411B922D04005D9CFB = {
			isa = PBXGroup;
			children = (
				6AF4994C1B922D04005D9CFB /* LuceneSearchDemo */,
				6AF294681B92E010009B5234 /* lucenestudy */,
				6AF2948A1B92E056009B5234 /* vendor */,
				6AF499621B922D04005D9CFB /* LuceneSearchDemoTests */,
				6AF2948E1B92E0D3009B5234 /* ObjCLucene.xcodeproj */,
				6AF2949D1B92E105009B5234 /* libz.dylib */,
				6AF2949B1B92E100009B5234 /* libicucore.dylib */,
				6AF4994B1B922D04005D9CFB /* Products */,
			);
			sourceTree = "<group>";
		};
		6AF4994B1B922D04005D9CFB /* Products */ = {
			isa = PBXGroup;
			children = (
				6AF4994A1B922D04005D9CFB /* LuceneSearchDemo.app */,
				6AF4995F1B922D04005D9CFB /* LuceneSearchDemoTests.xctest */,
			);
			name = Products;
			sourceTree = "<group>";
		};
		6AF4994C1B922D04005D9CFB /* LuceneSearchDemo */ = {
			isa = PBXGroup;
			children = (
				6AF4994F1B922D04005D9CFB /* AppDelegate.swift */,
				6A9F613C1BA2921300C13146 /* DetailsViewController.swift */,
				6AF499511B922D04005D9CFB /* ViewController.swift */,
				6AF499711B928F21005D9CFB /* Document.h */,
				6AF499721B928F21005D9CFB /* Document.m */,
				6AF294601B92B1A9009B5234 /* DocumentCell.h */,
				6AF294611B92B1A9009B5234 /* DocumentCell.m */,
				6A0A88F51B92A05B00F8A7C8 /* DocumentCell.xib */,
				6AF499701B928F21005D9CFB /* LuceneSearchDemo-Bridging-Header.h */,
				6AF499561B922D04005D9CFB /* Images.xcassets */,
				6AF499581B922D04005D9CFB /* LaunchScreen.xib */,
				6AF499531B922D04005D9CFB /* Main.storyboard */,
				6AF4994D1B922D04005D9CFB /* Supporting Files */,
			);
			path = LuceneSearchDemo;
			sourceTree = "<group>";
		};
		6AF4994D1B922D04005D9CFB /* Supporting Files */ = {
			isa = PBXGroup;
			children = (
				6AF4994E1B922D04005D9CFB /* Info.plist */,
				6AF294671B92CC5C009B5234 /* InfoPlist.strings */,
			);
			name = "Supporting Files";
			sourceTree = "<group>";
		};
		6AF499621B922D04005D9CFB /* LuceneSearchDemoTests */ = {
			isa = PBXGroup;
			children = (
				6AF499651B922D04005D9CFB /* LuceneSearchDemoTests.swift */,
				6AF499631B922D04005D9CFB /* Supporting Files */,
			);
			path = LuceneSearchDemoTests;
			sourceTree = "<group>";
		};
		6AF499631B922D04005D9CFB /* Supporting Files */ = {
			isa = PBXGroup;
			children = (
				6AF499641B922D04005D9CFB /* Info.plist */,
			);
			name = "Supporting Files";
			sourceTree = "<group>";
		};
/* End PBXGroup section */

/* Begin PBXNativeTarget section */
		6AF499491B922D04005D9CFB /* LuceneSearchDemo */ = {
			isa = PBXNativeTarget;
			buildConfigurationList = 6AF499691B922D04005D9CFB /* Build configuration list for PBXNativeTarget "LuceneSearchDemo" */;
			buildPhases = (
				6AF499461B922D04005D9CFB /* Sources */,
				6AF499471B922D04005D9CFB /* Frameworks */,
				6AF499481B922D04005D9CFB /* Resources */,
			);
			buildRules = (
			);
			dependencies = (
				6AF294981B92E0DC009B5234 /* PBXTargetDependency */,
			);
			name = LuceneSearchDemo;
			productName = LuceneSearchDemo;
			productReference = 6AF4994A1B922D04005D9CFB /* LuceneSearchDemo.app */;
			productType = "com.apple.product-type.application";
		};
		6AF4995E1B922D04005D9CFB /* LuceneSearchDemoTests */ = {
			isa = PBXNativeTarget;
			buildConfigurationList = 6AF4996C1B922D04005D9CFB /* Build configuration list for PBXNativeTarget "LuceneSearchDemoTests" */;
			buildPhases = (
				6AF4995B1B922D04005D9CFB /* Sources */,
				6AF4995C1B922D04005D9CFB /* Frameworks */,
				6AF4995D1B922D04005D9CFB /* Resources */,
			);
			buildRules = (
			);
			dependencies = (
				6AF499611B922D04005D9CFB /* PBXTargetDependency */,
			);
			name = LuceneSearchDemoTests;
			productName = LuceneSearchDemoTests;
			productReference = 6AF4995F1B922D04005D9CFB /* LuceneSearchDemoTests.xctest */;
			productType = "com.apple.product-type.bundle.unit-test";
		};
/* End PBXNativeTarget section */

/* Begin PBXProject section */
		6AF499421B922D04005D9CFB /* Project object */ = {
			isa = PBXProject;
			attributes = {
				LastUpgradeCheck = 0640;
				ORGANIZATIONNAME = "Lukhnos Liu";
				TargetAttributes = {
					6AF499491B922D04005D9CFB = {
						CreatedOnToolsVersion = 6.4;
					};
					6AF4995E1B922D04005D9CFB = {
						CreatedOnToolsVersion = 6.4;
						TestTargetID = 6AF499491B922D04005D9CFB;
					};
				};
			};
			buildConfigurationList = 6AF499451B922D04005D9CFB /* Build configuration list for PBXProject "LuceneSearchDemo" */;
			compatibilityVersion = "Xcode 3.2";
			developmentRegion = English;
			hasScannedForEncodings = 0;
			knownRegions = (
				en,
				Base,
			);
			mainGroup = 6AF499411B922D04005D9CFB;
			productRefGroup = 6AF4994B1B922D04005D9CFB /* Products */;
			projectDirPath = "";
			projectReferences = (
				{
					ProductGroup = 6AF2948F1B92E0D3009B5234 /* Products */;
					ProjectRef = 6AF2948E1B92E0D3009B5234 /* ObjCLucene.xcodeproj */;
				},
			);
			projectRoot = "";
			targets = (
				6AF499491B922D04005D9CFB /* LuceneSearchDemo */,
				6AF4995E1B922D04005D9CFB /* LuceneSearchDemoTests */,
			);
		};
/* End PBXProject section */

/* Begin PBXReferenceProxy section */
		6AF294941B92E0D5009B5234 /* libObjCLucene.a */ = {
			isa = PBXReferenceProxy;
			fileType = archive.ar;
			path = libObjCLucene.a;
			remoteRef = 6AF294931B92E0D5009B5234 /* PBXContainerItemProxy */;
			sourceTree = BUILT_PRODUCTS_DIR;
		};
		6AF294961B92E0D5009B5234 /* ObjCLuceneTests.xctest */ = {
			isa = PBXReferenceProxy;
			fileType = wrapper.cfbundle;
			path = ObjCLuceneTests.xctest;
			remoteRef = 6AF294951B92E0D5009B5234 /* PBXContainerItemProxy */;
			sourceTree = BUILT_PRODUCTS_DIR;
		};
/* End PBXReferenceProxy section */

/* Begin PBXResourcesBuildPhase section */
		6AF499481B922D04005D9CFB /* Resources */ = {
			isa = PBXResourcesBuildPhase;
			buildActionMask = 2147483647;
			files = (
				6AF294A21B92E79E009B5234 /* acl-imdb-subset.json in Resources */,
				6A0A88F61B92A05B00F8A7C8 /* DocumentCell.xib in Resources */,
				6AF499551B922D04005D9CFB /* Main.storyboard in Resources */,
				6AF4995A1B922D04005D9CFB /* LaunchScreen.xib in Resources */,
				6AF499571B922D04005D9CFB /* Images.xcassets in Resources */,
				6AF294651B92CC5C009B5234 /* InfoPlist.strings in Resources */,
			);
			runOnlyForDeploymentPostprocessing = 0;
		};
		6AF4995D1B922D04005D9CFB /* Resources */ = {
			isa = PBXResourcesBuildPhase;
			buildActionMask = 2147483647;
			files = (
			);
			runOnlyForDeploymentPostprocessing = 0;
		};
/* End PBXResourcesBuildPhase section */

/* Begin PBXSourcesBuildPhase section */
		6AF499461B922D04005D9CFB /* Sources */ = {
			isa = PBXSourcesBuildPhase;
			buildActionMask = 2147483647;
			files = (
				6AF294891B92E050009B5234 /* Util.m in Sources */,
				6AF294861B92E050009B5234 /* SearchResult.m in Sources */,
				6AF294621B92B1A9009B5234 /* DocumentCell.m in Sources */,
				6AF294831B92E050009B5234 /* Indexer.m in Sources */,
				6AF499731B928F21005D9CFB /* Document.m in Sources */,
				6AF294841B92E050009B5234 /* MinimalHTMLEncoder.m in Sources */,
				6AF499521B922D04005D9CFB /* ViewController.swift in Sources */,
				6AF294851B92E050009B5234 /* Searcher.m in Sources */,
				6AF294811B92E050009B5234 /* Document.m in Sources */,
				6AF499501B922D04005D9CFB /* AppDelegate.swift in Sources */,
				6AF294821B92E050009B5234 /* HighlightingHelper.m in Sources */,
				6A9F613D1BA2921300C13146 /* DetailsViewController.swift in Sources */,
				6AF294871B92E050009B5234 /* Study.m in Sources */,
				6AF294881B92E050009B5234 /* Suggester.m in Sources */,
			);
			runOnlyForDeploymentPostprocessing = 0;
		};
		6AF4995B1B922D04005D9CFB /* Sources */ = {
			isa = PBXSourcesBuildPhase;
			buildActionMask = 2147483647;
			files = (
				6AF499661B922D04005D9CFB /* LuceneSearchDemoTests.swift in Sources */,
			);
			runOnlyForDeploymentPostprocessing = 0;
		};
/* End PBXSourcesBuildPhase section */

/* Begin PBXTargetDependency section */
		6AF294981B92E0DC009B5234 /* PBXTargetDependency */ = {
			isa = PBXTargetDependency;
			name = ObjCLucene;
			targetProxy = 6AF294971B92E0DC009B5234 /* PBXContainerItemProxy */;
		};
		6AF499611B922D04005D9CFB /* PBXTargetDependency */ = {
			isa = PBXTargetDependency;
			target = 6AF499491B922D04005D9CFB /* LuceneSearchDemo */;
			targetProxy = 6AF499601B922D04005D9CFB /* PBXContainerItemProxy */;
		};
/* End PBXTargetDependency section */

/* Begin PBXVariantGroup section */
		6AF294671B92CC5C009B5234 /* InfoPlist.strings */ = {
			isa = PBXVariantGroup;
			children = (
				6AF294661B92CC5C009B5234 /* Base */,
			);
			name = InfoPlist.strings;
			sourceTree = "<group>";
		};
		6AF499531B922D04005D9CFB /* Main.storyboard */ = {
			isa = PBXVariantGroup;
			children = (
				6AF499541B922D04005D9CFB /* Base */,
			);
			name = Main.storyboard;
			sourceTree = "<group>";
		};
		6AF499581B922D04005D9CFB /* LaunchScreen.xib */ = {
			isa = PBXVariantGroup;
			children = (
				6AF499591B922D04005D9CFB /* Base */,
			);
			name = LaunchScreen.xib;
			sourceTree = "<group>";
		};
/* End PBXVariantGroup section */

/* Begin XCBuildConfiguration section */
		6AF499671B922D04005D9CFB /* Debug */ = {
			isa = XCBuildConfiguration;
			buildSettings = {
				ALWAYS_SEARCH_USER_PATHS = NO;
				CLANG_CXX_LANGUAGE_STANDARD = "gnu++0x";
				CLANG_CXX_LIBRARY = "libc++";
				CLANG_ENABLE_MODULES = YES;
				CLANG_ENABLE_OBJC_ARC = YES;
				CLANG_WARN_BOOL_CONVERSION = YES;
				CLANG_WARN_CONSTANT_CONVERSION = YES;
				CLANG_WARN_DIRECT_OBJC_ISA_USAGE = YES_ERROR;
				CLANG_WARN_EMPTY_BODY = YES;
				CLANG_WARN_ENUM_CONVERSION = YES;
				CLANG_WARN_INT_CONVERSION = YES;
				CLANG_WARN_OBJC_ROOT_CLASS = YES_ERROR;
				CLANG_WARN_UNREACHABLE_CODE = YES;
				CLANG_WARN__DUPLICATE_METHOD_MATCH = YES;
				"CODE_SIGN_IDENTITY[sdk=iphoneos*]" = "iPhone Developer";
				COPY_PHASE_STRIP = NO;
				DEBUG_INFORMATION_FORMAT = "dwarf-with-dsym";
				ENABLE_STRICT_OBJC_MSGSEND = YES;
				GCC_C_LANGUAGE_STANDARD = gnu99;
				GCC_DYNAMIC_NO_PIC = NO;
				GCC_NO_COMMON_BLOCKS = YES;
				GCC_OPTIMIZATION_LEVEL = 0;
				GCC_PREPROCESSOR_DEFINITIONS = (
					"DEBUG=1",
					"$(inherited)",
				);
				GCC_SYMBOLS_PRIVATE_EXTERN = NO;
				GCC_WARN_64_TO_32_BIT_CONVERSION = YES;
				GCC_WARN_ABOUT_RETURN_TYPE = YES_ERROR;
				GCC_WARN_UNDECLARED_SELECTOR = YES;
				GCC_WARN_UNINITIALIZED_AUTOS = YES_AGGRESSIVE;
				GCC_WARN_UNUSED_FUNCTION = YES;
				GCC_WARN_UNUSED_VARIABLE = YES;
				IPHONEOS_DEPLOYMENT_TARGET = 8.4;
				MTL_ENABLE_DEBUG_INFO = YES;
				ONLY_ACTIVE_ARCH = YES;
				SDKROOT = iphoneos;
				SWIFT_OPTIMIZATION_LEVEL = "-Onone";
			};
			name = Debug;
		};
		6AF499681B922D04005D9CFB /* Release */ = {
			isa = XCBuildConfiguration;
			buildSettings = {
				ALWAYS_SEARCH_USER_PATHS = NO;
				CLANG_CXX_LANGUAGE_STANDARD = "gnu++0x";
				CLANG_CXX_LIBRARY = "libc++";
				CLANG_ENABLE_MODULES = YES;
				CLANG_ENABLE_OBJC_ARC = YES;
				CLANG_WARN_BOOL_CONVERSION = YES;
				CLANG_WARN_CONSTANT_CONVERSION = YES;
				CLANG_WARN_DIRECT_OBJC_ISA_USAGE = YES_ERROR;
				CLANG_WARN_EMPTY_BODY = YES;
				CLANG_WARN_ENUM_CONVERSION = YES;
				CLANG_WARN_INT_CONVERSION = YES;
				CLANG_WARN_OBJC_ROOT_CLASS = YES_ERROR;
				CLANG_WARN_UNREACHABLE_CODE = YES;
				CLANG_WARN__DUPLICATE_METHOD_MATCH = YES;
				"CODE_SIGN_IDENTITY[sdk=iphoneos*]" = "iPhone Developer";
				COPY_PHASE_STRIP = NO;
				DEBUG_INFORMATION_FORMAT = "dwarf-with-dsym";
				ENABLE_NS_ASSERTIONS = NO;
				ENABLE_STRICT_OBJC_MSGSEND = YES;
				GCC_C_LANGUAGE_STANDARD = gnu99;
				GCC_NO_COMMON_BLOCKS = YES;
				GCC_WARN_64_TO_32_BIT_CONVERSION = YES;
				GCC_WARN_ABOUT_RETURN_TYPE = YES_ERROR;
				GCC_WARN_UNDECLARED_SELECTOR = YES;
				GCC_WARN_UNINITIALIZED_AUTOS = YES_AGGRESSIVE;
				GCC_WARN_UNUSED_FUNCTION = YES;
				GCC_WARN_UNUSED_VARIABLE = YES;
				IPHONEOS_DEPLOYMENT_TARGET = 8.4;
				MTL_ENABLE_DEBUG_INFO = NO;
				SDKROOT = iphoneos;
				VALIDATE_PRODUCT = YES;
			};
			name = Release;
		};
		6AF4996A1B922D04005D9CFB /* Debug */ = {
			isa = XCBuildConfiguration;
			buildSettings = {
				ASSETCATALOG_COMPILER_APPICON_NAME = AppIcon;
				CLANG_ENABLE_MODULES = YES;
				HEADER_SEARCH_PATHS = (
					"$(inherited)",
					/Applications/Xcode.app/Contents/Developer/Toolchains/XcodeDefault.xctoolchain/usr/include,
					"$(SRCROOT)/vendor/j2objc/include",
					"$(SRCROOT)/vendor/objclucene/include",
					"$(SRCROOT)/lucenestudy/src/main/objc",
				);
				INFOPLIST_FILE = LuceneSearchDemo/Info.plist;
				LD_RUNPATH_SEARCH_PATHS = "$(inherited) @executable_path/Frameworks";
				LIBRARY_SEARCH_PATHS = (
					"$(inherited)",
					"$(SRCROOT)/vendor/j2objc/lib",
				);
				OTHER_LDFLAGS = "-ObjC";
				PRODUCT_NAME = "$(TARGET_NAME)";
				SWIFT_OBJC_BRIDGING_HEADER = "LuceneSearchDemo/LuceneSearchDemo-Bridging-Header.h";
				SWIFT_OPTIMIZATION_LEVEL = "-Onone";
			};
			name = Debug;
		};
		6AF4996B1B922D04005D9CFB /* Release */ = {
			isa = XCBuildConfiguration;
			buildSettings = {
				ASSETCATALOG_COMPILER_APPICON_NAME = AppIcon;
				CLANG_ENABLE_MODULES = YES;
				HEADER_SEARCH_PATHS = (
					"$(inherited)",
					/Applications/Xcode.app/Contents/Developer/Toolchains/XcodeDefault.xctoolchain/usr/include,
					"$(SRCROOT)/vendor/j2objc/include",
					"$(SRCROOT)/vendor/objclucene/include",
					"$(SRCROOT)/lucenestudy/src/main/objc",
				);
				INFOPLIST_FILE = LuceneSearchDemo/Info.plist;
				LD_RUNPATH_SEARCH_PATHS = "$(inherited) @executable_path/Frameworks";
				LIBRARY_SEARCH_PATHS = (
					"$(inherited)",
					"$(SRCROOT)/vendor/j2objc/lib",
				);
				OTHER_LDFLAGS = "-ObjC";
				PRODUCT_NAME = "$(TARGET_NAME)";
				SWIFT_OBJC_BRIDGING_HEADER = "LuceneSearchDemo/LuceneSearchDemo-Bridging-Header.h";
			};
			name = Release;
		};
		6AF4996D1B922D04005D9CFB /* Debug */ = {
			isa = XCBuildConfiguration;
			buildSettings = {
				BUNDLE_LOADER = "$(TEST_HOST)";
				FRAMEWORK_SEARCH_PATHS = (
					"$(SDKROOT)/Developer/Library/Frameworks",
					"$(inherited)",
				);
				GCC_PREPROCESSOR_DEFINITIONS = (
					"DEBUG=1",
					"$(inherited)",
				);
				INFOPLIST_FILE = LuceneSearchDemoTests/Info.plist;
				LD_RUNPATH_SEARCH_PATHS = "$(inherited) @executable_path/Frameworks @loader_path/Frameworks";
				PRODUCT_NAME = "$(TARGET_NAME)";
				TEST_HOST = "$(BUILT_PRODUCTS_DIR)/LuceneSearchDemo.app/LuceneSearchDemo";
			};
			name = Debug;
		};
		6AF4996E1B922D04005D9CFB /* Release */ = {
			isa = XCBuildConfiguration;
			buildSettings = {
				BUNDLE_LOADER = "$(TEST_HOST)";
				FRAMEWORK_SEARCH_PATHS = (
					"$(SDKROOT)/Developer/Library/Frameworks",
					"$(inherited)",
				);
				INFOPLIST_FILE = LuceneSearchDemoTests/Info.plist;
				LD_RUNPATH_SEARCH_PATHS = "$(inherited) @executable_path/Frameworks @loader_path/Frameworks";
				PRODUCT_NAME = "$(TARGET_NAME)";
				TEST_HOST = "$(BUILT_PRODUCTS_DIR)/LuceneSearchDemo.app/LuceneSearchDemo";
			};
			name = Release;
		};
/* End XCBuildConfiguration section */

/* Begin XCConfigurationList section */
		6AF499451B922D04005D9CFB /* Build configuration list for PBXProject "LuceneSearchDemo" */ = {
			isa = XCConfigurationList;
			buildConfigurations = (
				6AF499671B922D04005D9CFB /* Debug */,
				6AF499681B922D04005D9CFB /* Release */,
			);
			defaultConfigurationIsVisible = 0;
			defaultConfigurationName = Release;
		};
		6AF499691B922D04005D9CFB /* Build configuration list for PBXNativeTarget "LuceneSearchDemo" */ = {
			isa = XCConfigurationList;
			buildConfigurations = (
				6AF4996A1B922D04005D9CFB /* Debug */,
				6AF4996B1B922D04005D9CFB /* Release */,
			);
			defaultConfigurationIsVisible = 0;
			defaultConfigurationName = Release;
		};
		6AF4996C1B922D04005D9CFB /* Build configuration list for PBXNativeTarget "LuceneSearchDemoTests" */ = {
			isa = XCConfigurationList;
			buildConfigurations = (
				6AF4996D1B922D04005D9CFB /* Debug */,
				6AF4996E1B922D04005D9CFB /* Release */,
			);
			defaultConfigurationIsVisible = 0;
			defaultConfigurationName = Release;
		};
/* End XCConfigurationList section */
	};
	rootObject = 6AF499421B922D04005D9CFB /* Project object */;
}
